{
  "name": "chatGPT-chrome-extionsion",
  "lockfileVersion": 3,
  "requires": true,
  "packages": {
    "": {
      "dependencies": {
        "unloosen-ruby-loader": "^0.1.2"
      }
    },
    "node_modules/ruby-3_2-wasm-wasi": {
      "version": "1.0.1",
      "resolved": "https://registry.npmjs.org/ruby-3_2-wasm-wasi/-/ruby-3_2-wasm-wasi-1.0.1.tgz",
      "integrity": "sha512-9y1g88fPfJ/bvPv+9cD2FJ6h7Cr9b95nNJLqUc4CzE0Q7FfN7Qs9+EcXVNnl8eizl1aisZPuUEeTCNCY9UVLpQ=="
    },
    "node_modules/unloosen-ruby-loader": {
      "version": "0.1.2",
      "resolved": "https://registry.npmjs.org/unloosen-ruby-loader/-/unloosen-ruby-loader-0.1.2.tgz",
      "integrity": "sha512-g62BnSue7ifIz5XvpNPz7ubbrJBULWma3SoVZa8rfm7pest0dKshjK1nHgBklrnoyJklLSMjzLAuayrD697QMA==",
      "dependencies": {
        "ruby-3_2-wasm-wasi": "^1.0.1"
      }
    }
  }
}
